
Microsoft Visual Studio Solution File, Format Version 12.00
# Visual Studio Version 17
VisualStudioVersion = 17.9.34723.18
MinimumVisualStudioVersion = 10.0.40219.1
Project("{2150E333-8FDC-42A3-9474-1A3956D46DE8}") = "BasicLanguageFacilities", "BasicLanguageFacilities", "{F7CF79E9-EF25-4354-969E-0801742BE008}"
EndProject
Project("{8BC9CEB8-8B4A-11D0-8D11-00A0C91BC942}") = "FirstProgram", "BasicLanguageFacilities\FirstProgram\FirstProgram.vcxproj", "{6414C241-01CC-4B1B-B655-21062B6CF899}"
EndProject
Global
	GlobalSection(SolutionConfigurationPlatforms) = preSolution
		Debug|x64 = Debug|x64
		Debug|x86 = Debug|x86
		Release|x64 = Release|x64
		Release|x86 = Release|x86
	EndGlobalSection
	GlobalSection(ProjectConfigurationPlatforms) = postSolution
		{6414C241-01CC-4B1B-B655-21062B6CF899}.Debug|x64.ActiveCfg = Debug|x64
		{6414C241-01CC-4B1B-B655-21062B6CF899}.Debug|x64.Build.0 = Debug|x64
		{6414C241-01CC-4B1B-B655-21062B6CF899}.Debug|x86.ActiveCfg = Debug|Win32
		{6414C241-01CC-4B1B-B655-21062B6CF899}.Debug|x86.Build.0 = Debug|Win32
		{6414C241-01CC-4B1B-B655-21062B6CF899}.Release|x64.ActiveCfg = Release|x64
		{6414C241-01CC-4B1B-B655-21062B6CF899}.Release|x64.Build.0 = Release|x64
		{6414C241-01CC-4B1B-B655-21062B6CF899}.Release|x86.ActiveCfg = Release|Win32
		{6414C241-01CC-4B1B-B655-21062B6CF899}.Release|x86.Build.0 = Release|Win32
	EndGlobalSection
	GlobalSection(SolutionProperties) = preSolution
		HideSolutionNode = FALSE
	EndGlobalSection
	GlobalSection(NestedProjects) = preSolution
		{6414C241-01CC-4B1B-B655-21062B6CF899} = {F7CF79E9-EF25-4354-969E-0801742BE008}
	EndGlobalSection
	GlobalSection(ExtensibilityGlobals) = postSolution
		SolutionGuid = {D0FEB184-32B7-4D53-91C1-06AC4B610E20}
	EndGlobalSection
EndGlobal
